
Microsoft Visual Studio Solution File, Format Version 12.00
# Visual Studio Version 16
VisualStudioVersion = 16.0.30011.22
MinimumVisualStudioVersion = 10.0.40219.1
Project("{FAE04EC0-301F-11D3-BF4B-00C04F79EFBC}") = "class_consept", "class_consept\class_consept.csproj", "{9B53C9FF-C1B3-45D8-B423-C1EE6C92AAB7}"
EndProject
Global
	GlobalSection(SolutionConfigurationPlatforms) = preSolution
		Debug|Any CPU = Debug|Any CPU
		Release|Any CPU = Release|Any CPU
	EndGlobalSection
	GlobalSection(ProjectConfigurationPlatforms) = postSolution
		{9B53C9FF-C1B3-45D8-B423-C1EE6C92AAB7}.Debug|Any CPU.ActiveCfg = Debug|Any CPU
		{9B53C9FF-C1B3-45D8-B423-C1EE6C92AAB7}.Debug|Any CPU.Build.0 = Debug|Any CPU
		{9B53C9FF-C1B3-45D8-B423-C1EE6C92AAB7}.Release|Any CPU.ActiveCfg = Release|Any CPU
		{9B53C9FF-C1B3-45D8-B423-C1EE6C92AAB7}.Release|Any CPU.Build.0 = Release|Any CPU
	EndGlobalSection
	GlobalSection(SolutionProperties) = preSolution
		HideSolutionNode = FALSE
	EndGlobalSection
	GlobalSection(ExtensibilityGlobals) = postSolution
		SolutionGuid = {695C7D7C-A17E-45F4-9512-C27637872B1A}
	EndGlobalSection
EndGlobal
