
Microsoft Visual Studio Solution File, Format Version 12.00
# Visual Studio Version 16
VisualStudioVersion = 16.0.29728.190
MinimumVisualStudioVersion = 10.0.40219.1
Project("{FAE04EC0-301F-11D3-BF4B-00C04F79EFBC}") = "circle_square", "circle_square\circle_square.csproj", "{C1655DDD-3F3F-472C-90BC-9B8E52C688FA}"
EndProject
Global
	GlobalSection(SolutionConfigurationPlatforms) = preSolution
		Debug|Any CPU = Debug|Any CPU
		Release|Any CPU = Release|Any CPU
	EndGlobalSection
	GlobalSection(ProjectConfigurationPlatforms) = postSolution
		{C1655DDD-3F3F-472C-90BC-9B8E52C688FA}.Debug|Any CPU.ActiveCfg = Debug|Any CPU
		{C1655DDD-3F3F-472C-90BC-9B8E52C688FA}.Debug|Any CPU.Build.0 = Debug|Any CPU
		{C1655DDD-3F3F-472C-90BC-9B8E52C688FA}.Release|Any CPU.ActiveCfg = Release|Any CPU
		{C1655DDD-3F3F-472C-90BC-9B8E52C688FA}.Release|Any CPU.Build.0 = Release|Any CPU
	EndGlobalSection
	GlobalSection(SolutionProperties) = preSolution
		HideSolutionNode = FALSE
	EndGlobalSection
	GlobalSection(ExtensibilityGlobals) = postSolution
		SolutionGuid = {325565DE-A0D7-4F7E-A20F-6A8B0A03DF2B}
	EndGlobalSection
EndGlobal
