
Microsoft Visual Studio Solution File, Format Version 12.00
# Visual Studio Version 16
VisualStudioVersion = 16.0.30011.22
MinimumVisualStudioVersion = 10.0.40219.1
Project("{FAE04EC0-301F-11D3-BF4B-00C04F79EFBC}") = "condition_new", "condition_new\condition_new.csproj", "{15295688-763A-4FE6-B30E-C183F93E90FC}"
EndProject
Global
	GlobalSection(SolutionConfigurationPlatforms) = preSolution
		Debug|Any CPU = Debug|Any CPU
		Release|Any CPU = Release|Any CPU
	EndGlobalSection
	GlobalSection(ProjectConfigurationPlatforms) = postSolution
		{15295688-763A-4FE6-B30E-C183F93E90FC}.Debug|Any CPU.ActiveCfg = Debug|Any CPU
		{15295688-763A-4FE6-B30E-C183F93E90FC}.Debug|Any CPU.Build.0 = Debug|Any CPU
		{15295688-763A-4FE6-B30E-C183F93E90FC}.Release|Any CPU.ActiveCfg = Release|Any CPU
		{15295688-763A-4FE6-B30E-C183F93E90FC}.Release|Any CPU.Build.0 = Release|Any CPU
	EndGlobalSection
	GlobalSection(SolutionProperties) = preSolution
		HideSolutionNode = FALSE
	EndGlobalSection
	GlobalSection(ExtensibilityGlobals) = postSolution
		SolutionGuid = {129E0AB6-778B-427A-BDDE-A478FF051B58}
	EndGlobalSection
EndGlobal
